PODS:
  - SDWebImage (3.8.2):
    - SDWebImage/Core (= 3.8.2)
  - SDWebImage/Core (3.8.2)
  - SGVGridView (0.3.0):
    - SDWebImage (~> 3.8)

DEPENDENCIES:
  - SGVGridView

SPEC CHECKSUMS:
  SDWebImage: 098e97e6176540799c27e804c96653ee0833d13c
  SGVGridView: 7a6f03b61ab64100d135694ff1a31c88b4113d2b

PODFILE CHECKSUM: 9df0be996c1dc976994e33d60fddfa80aeab5b09

COCOAPODS: 1.1.1
